// !$*UTF8*$!
{
	archiveVersion = 1;
	classes = {
	};
	objectVersion = 50;
	objects = {

/* Begin PBXBuildFile section */
		8842611324956C40008C808A /* DUSetProperty.swift in Sources */ = {isa = PBXBuildFile; fileRef = 8842611224956C40008C808A /* DUSetProperty.swift */; };
		88884B99249150A600072A3C /* DUTableViewCellEquations.swift in Sources */ = {isa = PBXBuildFile; fileRef = 88884B98249150A600072A3C /* DUTableViewCellEquations.swift */; };
		88ABBA25248FD6B800F8D540 /* AppDelegate.swift in Sources */ = {isa = PBXBuildFile; fileRef = 88ABBA24248FD6B800F8D540 /* AppDelegate.swift */; };
		88ABBA27248FD6B800F8D540 /* SceneDelegate.swift in Sources */ = {isa = PBXBuildFile; fileRef = 88ABBA26248FD6B800F8D540 /* SceneDelegate.swift */; };
		88ABBA29248FD6B800F8D540 /* DUSelectSetVC.swift in Sources */ = {isa = PBXBuildFile; fileRef = 88ABBA28248FD6B800F8D540 /* DUSelectSetVC.swift */; };
		88ABBA2C248FD6B800F8D540 /* Main.storyboard in Resources */ = {isa = PBXBuildFile; fileRef = 88ABBA2A248FD6B800F8D540 /* Main.storyboard */; };
		88ABBA2E248FD6BA00F8D540 /* Assets.xcassets in Resources */ = {isa = PBXBuildFile; fileRef = 88ABBA2D248FD6BA00F8D540 /* Assets.xcassets */; };
		88ABBA31248FD6BA00F8D540 /* LaunchScreen.storyboard in Resources */ = {isa = PBXBuildFile; fileRef = 88ABBA2F248FD6BA00F8D540 /* LaunchScreen.storyboard */; };
		88ABBA39248FD70B00F8D540 /* DUComplexNumbers.swift in Sources */ = {isa = PBXBuildFile; fileRef = 88ABBA38248FD70B00F8D540 /* DUComplexNumbers.swift */; };
		88ABBA3B248FD97D00F8D540 /* DUCalculateComplex.swift in Sources */ = {isa = PBXBuildFile; fileRef = 88ABBA3A248FD97D00F8D540 /* DUCalculateComplex.swift */; };
		88ABBA3D248FDA4100F8D540 /* DUComplexRect.swift in Sources */ = {isa = PBXBuildFile; fileRef = 88ABBA3C248FDA4100F8D540 /* DUComplexRect.swift */; };
		88ABBA3F248FDBC400F8D540 /* DUMendalBrotView.swift in Sources */ = {isa = PBXBuildFile; fileRef = 88ABBA3E248FDBC400F8D540 /* DUMendalBrotView.swift */; };
		88ABBA41248FE46D00F8D540 /* DUMendalBrotVC.swift in Sources */ = {isa = PBXBuildFile; fileRef = 88ABBA40248FE46D00F8D540 /* DUMendalBrotVC.swift */; };
		88ABBA47248FF41300F8D540 /* Constants.swift in Sources */ = {isa = PBXBuildFile; fileRef = 88ABBA46248FF41300F8D540 /* Constants.swift */; };
		88ABBA492490088500F8D540 /* DUSelectSetCell.swift in Sources */ = {isa = PBXBuildFile; fileRef = 88ABBA482490088500F8D540 /* DUSelectSetCell.swift */; };
/* End PBXBuildFile section */

/* Begin PBXFileReference section */
		8842611224956C40008C808A /* DUSetProperty.swift */ = {isa = PBXFileReference; lastKnownFileType = sourcecode.swift; path = DUSetProperty.swift; sourceTree = "<group>"; };
		88884B98249150A600072A3C /* DUTableViewCellEquations.swift */ = {isa = PBXFileReference; lastKnownFileType = sourcecode.swift; path = DUTableViewCellEquations.swift; sourceTree = "<group>"; };
		88ABBA21248FD6B800F8D540 /* DUMendalBrot.app */ = {isa = PBXFileReference; explicitFileType = wrapper.application; includeInIndex = 0; path = DUMendalBrot.app; sourceTree = BUILT_PRODUCTS_DIR; };
		88ABBA24248FD6B800F8D540 /* AppDelegate.swift */ = {isa = PBXFileReference; lastKnownFileType = sourcecode.swift; path = AppDelegate.swift; sourceTree = "<group>"; };
		88ABBA26248FD6B800F8D540 /* SceneDelegate.swift */ = {isa = PBXFileReference; lastKnownFileType = sourcecode.swift; path = SceneDelegate.swift; sourceTree = "<group>"; };
		88ABBA28248FD6B800F8D540 /* DUSelectSetVC.swift */ = {isa = PBXFileReference; lastKnownFileType = sourcecode.swift; path = DUSelectSetVC.swift; sourceTree = "<group>"; };
		88ABBA2B248FD6B800F8D540 /* Base */ = {isa = PBXFileReference; lastKnownFileType = file.storyboard; name = Base; path = Base.lproj/Main.storyboard; sourceTree = "<group>"; };
		88ABBA2D248FD6BA00F8D540 /* Assets.xcassets */ = {isa = PBXFileReference; lastKnownFileType = folder.assetcatalog; path = Assets.xcassets; sourceTree = "<group>"; };
		88ABBA30248FD6BA00F8D540 /* Base */ = {isa = PBXFileReference; lastKnownFileType = file.storyboard; name = Base; path = Base.lproj/LaunchScreen.storyboard; sourceTree = "<group>"; };
		88ABBA32248FD6BA00F8D540 /* Info.plist */ = {isa = PBXFileReference; lastKnownFileType = text.plist.xml; path = Info.plist; sourceTree = "<group>"; };
		88ABBA38248FD70B00F8D540 /* DUComplexNumbers.swift */ = {isa = PBXFileReference; lastKnownFileType = sourcecode.swift; path = DUComplexNumbers.swift; sourceTree = "<group>"; };
		88ABBA3A248FD97D00F8D540 /* DUCalculateComplex.swift */ = {isa = PBXFileReference; lastKnownFileType = sourcecode.swift; path = DUCalculateComplex.swift; sourceTree = "<group>"; };
		88ABBA3C248FDA4100F8D540 /* DUComplexRect.swift */ = {isa = PBXFileReference; lastKnownFileType = sourcecode.swift; path = DUComplexRect.swift; sourceTree = "<group>"; };
		88ABBA3E248FDBC400F8D540 /* DUMendalBrotView.swift */ = {isa = PBXFileReference; lastKnownFileType = sourcecode.swift; path = DUMendalBrotView.swift; sourceTree = "<group>"; };
		88ABBA40248FE46D00F8D540 /* DUMendalBrotVC.swift */ = {isa = PBXFileReference; lastKnownFileType = sourcecode.swift; path = DUMendalBrotVC.swift; sourceTree = "<group>"; };
		88ABBA46248FF41300F8D540 /* Constants.swift */ = {isa = PBXFileReference; lastKnownFileType = sourcecode.swift; path = Constants.swift; sourceTree = "<group>"; };
		88ABBA482490088500F8D540 /* DUSelectSetCell.swift */ = {isa = PBXFileReference; lastKnownFileType = sourcecode.swift; path = DUSelectSetCell.swift; sourceTree = "<group>"; };
/* End PBXFileReference section */

/* Begin PBXFrameworksBuildPhase section */
		88ABBA1E248FD6B800F8D540 /* Frameworks */ = {
			isa = PBXFrameworksBuildPhase;
			buildActionMask = 2147483647;
			files = (
			);
			runOnlyForDeploymentPostprocessing = 0;
		};
/* End PBXFrameworksBuildPhase section */

/* Begin PBXGroup section */
		88ABBA18248FD6B800F8D540 = {
			isa = PBXGroup;
			children = (
				88ABBA23248FD6B800F8D540 /* DUMendalBrot */,
				88ABBA22248FD6B800F8D540 /* Products */,
			);
			sourceTree = "<group>";
		};
		88ABBA22248FD6B800F8D540 /* Products */ = {
			isa = PBXGroup;
			children = (
				88ABBA21248FD6B800F8D540 /* DUMendalBrot.app */,
			);
			name = Products;
			sourceTree = "<group>";
		};
		88ABBA23248FD6B800F8D540 /* DUMendalBrot */ = {
			isa = PBXGroup;
			children = (
				88ABBA24248FD6B800F8D540 /* AppDelegate.swift */,
				88ABBA26248FD6B800F8D540 /* SceneDelegate.swift */,
				88ABBA46248FF41300F8D540 /* Constants.swift */,
				88ABBA28248FD6B800F8D540 /* DUSelectSetVC.swift */,
				8842611224956C40008C808A /* DUSetProperty.swift */,
				88ABBA40248FE46D00F8D540 /* DUMendalBrotVC.swift */,
				88ABBA3E248FDBC400F8D540 /* DUMendalBrotView.swift */,
				88ABBA3A248FD97D00F8D540 /* DUCalculateComplex.swift */,
				88ABBA38248FD70B00F8D540 /* DUComplexNumbers.swift */,
				88ABBA3C248FDA4100F8D540 /* DUComplexRect.swift */,
				88ABBA482490088500F8D540 /* DUSelectSetCell.swift */,
				88884B98249150A600072A3C /* DUTableViewCellEquations.swift */,
				88ABBA2A248FD6B800F8D540 /* Main.storyboard */,
				88ABBA2D248FD6BA00F8D540 /* Assets.xcassets */,
				88ABBA2F248FD6BA00F8D540 /* LaunchScreen.storyboard */,
				88ABBA32248FD6BA00F8D540 /* Info.plist */,
			);
			path = DUMendalBrot;
			sourceTree = "<group>";
		};
/* End PBXGroup section */

/* Begin PBXNativeTarget section */
		88ABBA20248FD6B800F8D540 /* DUMendalBrot */ = {
			isa = PBXNativeTarget;
			buildConfigurationList = 88ABBA35248FD6BA00F8D540 /* Build configuration list for PBXNativeTarget "DUMendalBrot" */;
			buildPhases = (
				88ABBA1D248FD6B800F8D540 /* Sources */,
				88ABBA1E248FD6B800F8D540 /* Frameworks */,
				88ABBA1F248FD6B800F8D540 /* Resources */,
			);
			buildRules = (
			);
			dependencies = (
			);
			name = DUMendalBrot;
			productName = DUMendalBrot;
			productReference = 88ABBA21248FD6B800F8D540 /* DUMendalBrot.app */;
			productType = "com.apple.product-type.application";
		};
/* End PBXNativeTarget section */

/* Begin PBXProject section */
		88ABBA19248FD6B800F8D540 /* Project object */ = {
			isa = PBXProject;
			attributes = {
				LastSwiftUpdateCheck = 1100;
				LastUpgradeCheck = 1100;
				ORGANIZATIONNAME = "Dhaval Trivedi";
				TargetAttributes = {
					88ABBA20248FD6B800F8D540 = {
						CreatedOnToolsVersion = 11.0;
					};
				};
			};
			buildConfigurationList = 88ABBA1C248FD6B800F8D540 /* Build configuration list for PBXProject "DUMendalBrot" */;
			compatibilityVersion = "Xcode 9.3";
			developmentRegion = en;
			hasScannedForEncodings = 0;
			knownRegions = (
				en,
				Base,
			);
			mainGroup = 88ABBA18248FD6B800F8D540;
			productRefGroup = 88ABBA22248FD6B800F8D540 /* Products */;
			projectDirPath = "";
			projectRoot = "";
			targets = (
				88ABBA20248FD6B800F8D540 /* DUMendalBrot */,
			);
		};
/* End PBXProject section */

/* Begin PBXResourcesBuildPhase section */
		88ABBA1F248FD6B800F8D540 /* Resources */ = {
			isa = PBXResourcesBuildPhase;
			buildActionMask = 2147483647;
			files = (
				88ABBA31248FD6BA00F8D540 /* LaunchScreen.storyboard in Resources */,
				88ABBA2E248FD6BA00F8D540 /* Assets.xcassets in Resources */,
				88ABBA2C248FD6B800F8D540 /* Main.storyboard in Resources */,
			);
			runOnlyForDeploymentPostprocessing = 0;
		};
/* End PBXResourcesBuildPhase section */

/* Begin PBXSourcesBuildPhase section */
		88ABBA1D248FD6B800F8D540 /* Sources */ = {
			isa = PBXSourcesBuildPhase;
			buildActionMask = 2147483647;
			files = (
				8842611324956C40008C808A /* DUSetProperty.swift in Sources */,
				88ABBA29248FD6B800F8D540 /* DUSelectSetVC.swift in Sources */,
				88ABBA492490088500F8D540 /* DUSelectSetCell.swift in Sources */,
				88ABBA41248FE46D00F8D540 /* DUMendalBrotVC.swift in Sources */,
				88ABBA25248FD6B800F8D540 /* AppDelegate.swift in Sources */,
				88ABBA3B248FD97D00F8D540 /* DUCalculateComplex.swift in Sources */,
				88884B99249150A600072A3C /* DUTableViewCellEquations.swift in Sources */,
				88ABBA47248FF41300F8D540 /* Constants.swift in Sources */,
				88ABBA39248FD70B00F8D540 /* DUComplexNumbers.swift in Sources */,
				88ABBA27248FD6B800F8D540 /* SceneDelegate.swift in Sources */,
				88ABBA3D248FDA4100F8D540 /* DUComplexRect.swift in Sources */,
				88ABBA3F248FDBC400F8D540 /* DUMendalBrotView.swift in Sources */,
			);
			runOnlyForDeploymentPostprocessing = 0;
		};
/* End PBXSourcesBuildPhase section */

/* Begin PBXVariantGroup section */
		88ABBA2A248FD6B800F8D540 /* Main.storyboard */ = {
			isa = PBXVariantGroup;
			children = (
				88ABBA2B248FD6B800F8D540 /* Base */,
			);
			name = Main.storyboard;
			sourceTree = "<group>";
		};
		88ABBA2F248FD6BA00F8D540 /* LaunchScreen.storyboard */ = {
			isa = PBXVariantGroup;
			children = (
				88ABBA30248FD6BA00F8D540 /* Base */,
			);
			name = LaunchScreen.storyboard;
			sourceTree = "<group>";
		};
/* End PBXVariantGroup section */

/* Begin XCBuildConfiguration section */
		88ABBA33248FD6BA00F8D540 /* Debug */ = {
			isa = XCBuildConfiguration;
			buildSettings = {
				ALWAYS_SEARCH_USER_PATHS = NO;
				CLANG_ANALYZER_NONNULL = YES;
				CLANG_ANALYZER_NUMBER_OBJECT_CONVERSION = YES_AGGRESSIVE;
				CLANG_CXX_LANGUAGE_STANDARD = "gnu++14";
				CLANG_CXX_LIBRARY = "libc++";
				CLANG_ENABLE_MODULES = YES;
				CLANG_ENABLE_OBJC_ARC = YES;
				CLANG_ENABLE_OBJC_WEAK = YES;
				CLANG_WARN_BLOCK_CAPTURE_AUTORELEASING = YES;
				CLANG_WARN_BOOL_CONVERSION = YES;
				CLANG_WARN_COMMA = YES;
				CLANG_WARN_CONSTANT_CONVERSION = YES;
				CLANG_WARN_DEPRECATED_OBJC_IMPLEMENTATIONS = YES;
				CLANG_WARN_DIRECT_OBJC_ISA_USAGE = YES_ERROR;
				CLANG_WARN_DOCUMENTATION_COMMENTS = YES;
				CLANG_WARN_EMPTY_BODY = YES;
				CLANG_WARN_ENUM_CONVERSION = YES;
				CLANG_WARN_INFINITE_RECURSION = YES;
				CLANG_WARN_INT_CONVERSION = YES;
				CLANG_WARN_NON_LITERAL_NULL_CONVERSION = YES;
				CLANG_WARN_OBJC_IMPLICIT_RETAIN_SELF = YES;
				CLANG_WARN_OBJC_LITERAL_CONVERSION = YES;
				CLANG_WARN_OBJC_ROOT_CLASS = YES_ERROR;
				CLANG_WARN_RANGE_LOOP_ANALYSIS = YES;
				CLANG_WARN_STRICT_PROTOTYPES = YES;
				CLANG_WARN_SUSPICIOUS_MOVE = YES;
				CLANG_WARN_UNGUARDED_AVAILABILITY = YES_AGGRESSIVE;
				CLANG_WARN_UNREACHABLE_CODE = YES;
				CLANG_WARN__DUPLICATE_METHOD_MATCH = YES;
				COPY_PHASE_STRIP = NO;
				DEBUG_INFORMATION_FORMAT = dwarf;
				ENABLE_STRICT_OBJC_MSGSEND = YES;
				ENABLE_TESTABILITY = YES;
				GCC_C_LANGUAGE_STANDARD = gnu11;
				GCC_DYNAMIC_NO_PIC = NO;
				GCC_NO_COMMON_BLOCKS = YES;
				GCC_OPTIMIZATION_LEVEL = 0;
				GCC_PREPROCESSOR_DEFINITIONS = (
					"DEBUG=1",
					"$(inherited)",
				);
				GCC_WARN_64_TO_32_BIT_CONVERSION = YES;
				GCC_WARN_ABOUT_RETURN_TYPE = YES_ERROR;
				GCC_WARN_UNDECLARED_SELECTOR = YES;
				GCC_WARN_UNINITIALIZED_AUTOS = YES_AGGRESSIVE;
				GCC_WARN_UNUSED_FUNCTION = YES;
				GCC_WARN_UNUSED_VARIABLE = YES;
				IPHONEOS_DEPLOYMENT_TARGET = 13.0;
				MTL_ENABLE_DEBUG_INFO = INCLUDE_SOURCE;
				MTL_FAST_MATH = YES;
				ONLY_ACTIVE_ARCH = YES;
				SDKROOT = iphoneos;
				SWIFT_ACTIVE_COMPILATION_CONDITIONS = DEBUG;
				SWIFT_OPTIMIZATION_LEVEL = "-Onone";
			};
			name = Debug;
		};
		88ABBA34248FD6BA00F8D540 /* Release */ = {
			isa = XCBuildConfiguration;
			buildSettings = {
				ALWAYS_SEARCH_USER_PATHS = NO;
				CLANG_ANALYZER_NONNULL = YES;
				CLANG_ANALYZER_NUMBER_OBJECT_CONVERSION = YES_AGGRESSIVE;
				CLANG_CXX_LANGUAGE_STANDARD = "gnu++14";
				CLANG_CXX_LIBRARY = "libc++";
				CLANG_ENABLE_MODULES = YES;
				CLANG_ENABLE_OBJC_ARC = YES;
				CLANG_ENABLE_OBJC_WEAK = YES;
				CLANG_WARN_BLOCK_CAPTURE_AUTORELEASING = YES;
				CLANG_WARN_BOOL_CONVERSION = YES;
				CLANG_WARN_COMMA = YES;
				CLANG_WARN_CONSTANT_CONVERSION = YES;
				CLANG_WARN_DEPRECATED_OBJC_IMPLEMENTATIONS = YES;
				CLANG_WARN_DIRECT_OBJC_ISA_USAGE = YES_ERROR;
				CLANG_WARN_DOCUMENTATION_COMMENTS = YES;
				CLANG_WARN_EMPTY_BODY = YES;
				CLANG_WARN_ENUM_CONVERSION = YES;
				CLANG_WARN_INFINITE_RECURSION = YES;
				CLANG_WARN_INT_CONVERSION = YES;
				CLANG_WARN_NON_LITERAL_NULL_CONVERSION = YES;
				CLANG_WARN_OBJC_IMPLICIT_RETAIN_SELF = YES;
				CLANG_WARN_OBJC_LITERAL_CONVERSION = YES;
				CLANG_WARN_OBJC_ROOT_CLASS = YES_ERROR;
				CLANG_WARN_RANGE_LOOP_ANALYSIS = YES;
				CLANG_WARN_STRICT_PROTOTYPES = YES;
				CLANG_WARN_SUSPICIOUS_MOVE = YES;
				CLANG_WARN_UNGUARDED_AVAILABILITY = YES_AGGRESSIVE;
				CLANG_WARN_UNREACHABLE_CODE = YES;
				CLANG_WARN__DUPLICATE_METHOD_MATCH = YES;
				COPY_PHASE_STRIP = NO;
				DEBUG_INFORMATION_FORMAT = "dwarf-with-dsym";
				ENABLE_NS_ASSERTIONS = NO;
				ENABLE_STRICT_OBJC_MSGSEND = YES;
				GCC_C_LANGUAGE_STANDARD = gnu11;
				GCC_NO_COMMON_BLOCKS = YES;
				GCC_WARN_64_TO_32_BIT_CONVERSION = YES;
				GCC_WARN_ABOUT_RETURN_TYPE = YES_ERROR;
				GCC_WARN_UNDECLARED_SELECTOR = YES;
				GCC_WARN_UNINITIALIZED_AUTOS = YES_AGGRESSIVE;
				GCC_WARN_UNUSED_FUNCTION = YES;
				GCC_WARN_UNUSED_VARIABLE = YES;
				IPHONEOS_DEPLOYMENT_TARGET = 13.0;
				MTL_ENABLE_DEBUG_INFO = NO;
				MTL_FAST_MATH = YES;
				SDKROOT = iphoneos;
				SWIFT_COMPILATION_MODE = wholemodule;
				SWIFT_OPTIMIZATION_LEVEL = "-O";
				VALIDATE_PRODUCT = YES;
			};
			name = Release;
		};
		88ABBA36248FD6BA00F8D540 /* Debug */ = {
			isa = XCBuildConfiguration;
			buildSettings = {
				ASSETCATALOG_COMPILER_APPICON_NAME = AppIcon;
				CODE_SIGN_STYLE = Automatic;
				INFOPLIST_FILE = DUMendalBrot/Info.plist;
				LD_RUNPATH_SEARCH_PATHS = (
					"$(inherited)",
					"@executable_path/Frameworks",
				);
				PRODUCT_BUNDLE_IDENTIFIER = Dhaval.trivedi.DUMendalBrot;
				PRODUCT_NAME = "$(TARGET_NAME)";
				SWIFT_VERSION = 5.0;
				TARGETED_DEVICE_FAMILY = "1,2";
			};
			name = Debug;
		};
		88ABBA37248FD6BA00F8D540 /* Release */ = {
			isa = XCBuildConfiguration;
			buildSettings = {
				ASSETCATALOG_COMPILER_APPICON_NAME = AppIcon;
				CODE_SIGN_STYLE = Automatic;
				INFOPLIST_FILE = DUMendalBrot/Info.plist;
				LD_RUNPATH_SEARCH_PATHS = (
					"$(inherited)",
					"@executable_path/Frameworks",
				);
				PRODUCT_BUNDLE_IDENTIFIER = Dhaval.trivedi.DUMendalBrot;
				PRODUCT_NAME = "$(TARGET_NAME)";
				SWIFT_VERSION = 5.0;
				TARGETED_DEVICE_FAMILY = "1,2";
			};
			name = Release;
		};
/* End XCBuildConfiguration section */

/* Begin XCConfigurationList section */
		88ABBA1C248FD6B800F8D540 /* Build configuration list for PBXProject "DUMendalBrot" */ = {
			isa = XCConfigurationList;
			buildConfigurations = (
				88ABBA33248FD6BA00F8D540 /* Debug */,
				88ABBA34248FD6BA00F8D540 /* Release */,
			);
			defaultConfigurationIsVisible = 0;
			defaultConfigurationName = Release;
		};
		88ABBA35248FD6BA00F8D540 /* Build configuration list for PBXNativeTarget "DUMendalBrot" */ = {
			isa = XCConfigurationList;
			buildConfigurations = (
				88ABBA36248FD6BA00F8D540 /* Debug */,
				88ABBA37248FD6BA00F8D540 /* Release */,
			);
			defaultConfigurationIsVisible = 0;
			defaultConfigurationName = Release;
		};
/* End XCConfigurationList section */
	};
	rootObject = 88ABBA19248FD6B800F8D540 /* Project object */;
}
